<Solution>
  <Folder Name="/Solution Items/">
    <File Path="README.md" />
  </Folder>
  <Project Path="hello-obfuscation/hello-obfuscation.csproj" />
  <Project Path="hello-properties/hello-properties.csproj" />
  <Project Path="obfuscator-class-renaming/obfuscator-class-renaming.csproj" />
  <Project Path="obfuscator-properties-removal/obfuscator-properties-removal.csproj" />
  <Project Path="obfuscator-string-encoding/obfuscator-string-encoding.csproj" Id="f9f7609d-a05d-4713-8508-778f047d7550" />
  <Project Path="obfuscator-string-encryption/obfuscator-string-encryption.csproj" Id="2e24803f-7158-40df-a391-a67d2400037b" />
</Solution>
